// !$*UTF8*$!
{
	archiveVersion = 1;
	classes = {
	};
	objectVersion = 55;
	objects = {

/* Begin PBXBuildFile section */
		ECE4294F283C338E00A598F9 /* main.cpp in Sources */ = {isa = PBXBuildFile; fileRef = ECE4294E283C338E00A598F9 /* main.cpp */; };
		ECE4295A283C346A00A598F9 /* main.cpp in Sources */ = {isa = PBXBuildFile; fileRef = ECE42959283C346A00A598F9 /* main.cpp */; };
		ECE42965283C9A6B00A598F9 /* main.cpp in Sources */ = {isa = PBXBuildFile; fileRef = ECE42964283C9A6B00A598F9 /* main.cpp */; };
		ECE42970283C9C6E00A598F9 /* main.cpp in Sources */ = {isa = PBXBuildFile; fileRef = ECE4296F283C9C6E00A598F9 /* main.cpp */; };
		ECF55C1528AB15C300B004FA /* main.cpp in Sources */ = {isa = PBXBuildFile; fileRef = ECF55C1428AB15C300B004FA /* main.cpp */; };
		ECF55C2028AB170300B004FA /* main.cpp in Sources */ = {isa = PBXBuildFile; fileRef = ECF55C1F28AB170300B004FA /* main.cpp */; };
		ECF55C2B28AB19EA00B004FA /* main.cpp in Sources */ = {isa = PBXBuildFile; fileRef = ECF55C2A28AB19EA00B004FA /* main.cpp */; };
		ECF55C3628AB1BC000B004FA /* main.cpp in Sources */ = {isa = PBXBuildFile; fileRef = ECF55C3528AB1BC000B004FA /* main.cpp */; };
		ECF55C4128AC9FB500B004FA /* main.cpp in Sources */ = {isa = PBXBuildFile; fileRef = ECF55C4028AC9FB500B004FA /* main.cpp */; };
		ECF55C4C28AC9FD800B004FA /* main.cpp in Sources */ = {isa = PBXBuildFile; fileRef = ECF55C4B28AC9FD800B004FA /* main.cpp */; };
		ECF55C5728AE06C100B004FA /* main.cpp in Sources */ = {isa = PBXBuildFile; fileRef = ECF55C5628AE06C100B004FA /* main.cpp */; };
		ECF55C6228AF4A8400B004FA /* main.cpp in Sources */ = {isa = PBXBuildFile; fileRef = ECF55C6128AF4A8400B004FA /* main.cpp */; };
		ECF55C6D28AFE69800B004FA /* main.cpp in Sources */ = {isa = PBXBuildFile; fileRef = ECF55C6C28AFE69800B004FA /* main.cpp */; };
		ECF55C7828B2FB0700B004FA /* main.cpp in Sources */ = {isa = PBXBuildFile; fileRef = ECF55C7728B2FB0700B004FA /* main.cpp */; };
/* End PBXBuildFile section */

/* Begin PBXCopyFilesBuildPhase section */
		ECE4294A283C338E00A598F9 /* CopyFiles */ = {
			isa = PBXCopyFilesBuildPhase;
			buildActionMask = 2147483647;
			dstPath = /usr/share/man/man1/;
			dstSubfolderSpec = 0;
			files = (
			);
			runOnlyForDeploymentPostprocessing = 1;
		};
		ECE42955283C346A00A598F9 /* CopyFiles */ = {
			isa = PBXCopyFilesBuildPhase;
			buildActionMask = 2147483647;
			dstPath = /usr/share/man/man1/;
			dstSubfolderSpec = 0;
			files = (
			);
			runOnlyForDeploymentPostprocessing = 1;
		};
		ECE42960283C9A6B00A598F9 /* CopyFiles */ = {
			isa = PBXCopyFilesBuildPhase;
			buildActionMask = 2147483647;
			dstPath = /usr/share/man/man1/;
			dstSubfolderSpec = 0;
			files = (
			);
			runOnlyForDeploymentPostprocessing = 1;
		};
		ECE4296B283C9C6E00A598F9 /* CopyFiles */ = {
			isa = PBXCopyFilesBuildPhase;
			buildActionMask = 2147483647;
			dstPath = /usr/share/man/man1/;
			dstSubfolderSpec = 0;
			files = (
			);
			runOnlyForDeploymentPostprocessing = 1;
		};
		ECF55C1028AB15C300B004FA /* CopyFiles */ = {
			isa = PBXCopyFilesBuildPhase;
			buildActionMask = 2147483647;
			dstPath = /usr/share/man/man1/;
			dstSubfolderSpec = 0;
			files = (
			);
			runOnlyForDeploymentPostprocessing = 1;
		};
		ECF55C1B28AB170300B004FA /* CopyFiles */ = {
			isa = PBXCopyFilesBuildPhase;
			buildActionMask = 2147483647;
			dstPath = /usr/share/man/man1/;
			dstSubfolderSpec = 0;
			files = (
			);
			runOnlyForDeploymentPostprocessing = 1;
		};
		ECF55C2628AB19EA00B004FA /* CopyFiles */ = {
			isa = PBXCopyFilesBuildPhase;
			buildActionMask = 2147483647;
			dstPath = /usr/share/man/man1/;
			dstSubfolderSpec = 0;
			files = (
			);
			runOnlyForDeploymentPostprocessing = 1;
		};
		ECF55C3128AB1BC000B004FA /* CopyFiles */ = {
			isa = PBXCopyFilesBuildPhase;
			buildActionMask = 2147483647;
			dstPath = /usr/share/man/man1/;
			dstSubfolderSpec = 0;
			files = (
			);
			runOnlyForDeploymentPostprocessing = 1;
		};
		ECF55C3C28AC9FB500B004FA /* CopyFiles */ = {
			isa = PBXCopyFilesBuildPhase;
			buildActionMask = 2147483647;
			dstPath = /usr/share/man/man1/;
			dstSubfolderSpec = 0;
			files = (
			);
			runOnlyForDeploymentPostprocessing = 1;
		};
		ECF55C4728AC9FD800B004FA /* CopyFiles */ = {
			isa = PBXCopyFilesBuildPhase;
			buildActionMask = 2147483647;
			dstPath = /usr/share/man/man1/;
			dstSubfolderSpec = 0;
			files = (
			);
			runOnlyForDeploymentPostprocessing = 1;
		};
		ECF55C5228AE06C100B004FA /* CopyFiles */ = {
			isa = PBXCopyFilesBuildPhase;
			buildActionMask = 2147483647;
			dstPath = /usr/share/man/man1/;
			dstSubfolderSpec = 0;
			files = (
			);
			runOnlyForDeploymentPostprocessing = 1;
		};
		ECF55C5D28AF4A8400B004FA /* CopyFiles */ = {
			isa = PBXCopyFilesBuildPhase;
			buildActionMask = 2147483647;
			dstPath = /usr/share/man/man1/;
			dstSubfolderSpec = 0;
			files = (
			);
			runOnlyForDeploymentPostprocessing = 1;
		};
		ECF55C6828AFE69800B004FA /* CopyFiles */ = {
			isa = PBXCopyFilesBuildPhase;
			buildActionMask = 2147483647;
			dstPath = /usr/share/man/man1/;
			dstSubfolderSpec = 0;
			files = (
			);
			runOnlyForDeploymentPostprocessing = 1;
		};
		ECF55C7328B2FB0700B004FA /* CopyFiles */ = {
			isa = PBXCopyFilesBuildPhase;
			buildActionMask = 2147483647;
			dstPath = /usr/share/man/man1/;
			dstSubfolderSpec = 0;
			files = (
			);
			runOnlyForDeploymentPostprocessing = 1;
		};
/* End PBXCopyFilesBuildPhase section */

/* Begin PBXFileReference section */
		ECE4294C283C338E00A598F9 /* the Basics-HelloWorld */ = {isa = PBXFileReference; explicitFileType = "compiled.mach-o.executable"; includeInIndex = 0; path = "the Basics-HelloWorld"; sourceTree = BUILT_PRODUCTS_DIR; };
		ECE4294E283C338E00A598F9 /* main.cpp */ = {isa = PBXFileReference; lastKnownFileType = sourcecode.cpp.cpp; path = main.cpp; sourceTree = "<group>"; };
		ECE42957283C346A00A598F9 /* the Basics-VariablesDemo */ = {isa = PBXFileReference; explicitFileType = "compiled.mach-o.executable"; includeInIndex = 0; path = "the Basics-VariablesDemo"; sourceTree = BUILT_PRODUCTS_DIR; };
		ECE42959283C346A00A598F9 /* main.cpp */ = {isa = PBXFileReference; lastKnownFileType = sourcecode.cpp.cpp; path = main.cpp; sourceTree = "<group>"; };
		ECE42962283C9A6B00A598F9 /* the Basics-VariableTypes */ = {isa = PBXFileReference; explicitFileType = "compiled.mach-o.executable"; includeInIndex = 0; path = "the Basics-VariableTypes"; sourceTree = BUILT_PRODUCTS_DIR; };
		ECE42964283C9A6B00A598F9 /* main.cpp */ = {isa = PBXFileReference; lastKnownFileType = sourcecode.cpp.cpp; path = main.cpp; sourceTree = "<group>"; };
		ECE4296D283C9C6E00A598F9 /* the Basics-Arrays */ = {isa = PBXFileReference; explicitFileType = "compiled.mach-o.executable"; includeInIndex = 0; path = "the Basics-Arrays"; sourceTree = BUILT_PRODUCTS_DIR; };
		ECE4296F283C9C6E00A598F9 /* main.cpp */ = {isa = PBXFileReference; lastKnownFileType = sourcecode.cpp.cpp; path = main.cpp; sourceTree = "<group>"; };
		ECF55C1228AB15C300B004FA /* the Basics-ForLoop */ = {isa = PBXFileReference; explicitFileType = "compiled.mach-o.executable"; includeInIndex = 0; path = "the Basics-ForLoop"; sourceTree = BUILT_PRODUCTS_DIR; };
		ECF55C1428AB15C300B004FA /* main.cpp */ = {isa = PBXFileReference; lastKnownFileType = sourcecode.cpp.cpp; path = main.cpp; sourceTree = "<group>"; };
		ECF55C1D28AB170300B004FA /* the Basics-References */ = {isa = PBXFileReference; explicitFileType = "compiled.mach-o.executable"; includeInIndex = 0; path = "the Basics-References"; sourceTree = BUILT_PRODUCTS_DIR; };
		ECF55C1F28AB170300B004FA /* main.cpp */ = {isa = PBXFileReference; lastKnownFileType = sourcecode.cpp.cpp; path = main.cpp; sourceTree = "<group>"; };
		ECF55C2828AB19EA00B004FA /* the Basics-Vector */ = {isa = PBXFileReference; explicitFileType = "compiled.mach-o.executable"; includeInIndex = 0; path = "the Basics-Vector"; sourceTree = BUILT_PRODUCTS_DIR; };
		ECF55C2A28AB19EA00B004FA /* main.cpp */ = {isa = PBXFileReference; lastKnownFileType = sourcecode.cpp.cpp; path = main.cpp; sourceTree = "<group>"; };
		ECF55C3328AB1BC000B004FA /* the Basics-WriteFile */ = {isa = PBXFileReference; explicitFileType = "compiled.mach-o.executable"; includeInIndex = 0; path = "the Basics-WriteFile"; sourceTree = BUILT_PRODUCTS_DIR; };
		ECF55C3528AB1BC000B004FA /* main.cpp */ = {isa = PBXFileReference; lastKnownFileType = sourcecode.cpp.cpp; path = main.cpp; sourceTree = "<group>"; };
		ECF55C3E28AC9FB500B004FA /* the Basics-AppendFile */ = {isa = PBXFileReference; explicitFileType = "compiled.mach-o.executable"; includeInIndex = 0; path = "the Basics-AppendFile"; sourceTree = BUILT_PRODUCTS_DIR; };
		ECF55C4028AC9FB500B004FA /* main.cpp */ = {isa = PBXFileReference; lastKnownFileType = sourcecode.cpp.cpp; path = main.cpp; sourceTree = "<group>"; };
		ECF55C4928AC9FD800B004FA /* the Basics-ReadFile */ = {isa = PBXFileReference; explicitFileType = "compiled.mach-o.executable"; includeInIndex = 0; path = "the Basics-ReadFile"; sourceTree = BUILT_PRODUCTS_DIR; };
		ECF55C4B28AC9FD800B004FA /* main.cpp */ = {isa = PBXFileReference; lastKnownFileType = sourcecode.cpp.cpp; path = main.cpp; sourceTree = "<group>"; };
		ECF55C5428AE06C100B004FA /* the Basics-FormatFile */ = {isa = PBXFileReference; explicitFileType = "compiled.mach-o.executable"; includeInIndex = 0; path = "the Basics-FormatFile"; sourceTree = BUILT_PRODUCTS_DIR; };
		ECF55C5628AE06C100B004FA /* main.cpp */ = {isa = PBXFileReference; lastKnownFileType = sourcecode.cpp.cpp; path = main.cpp; sourceTree = "<group>"; };
		ECF55C5F28AF4A8400B004FA /* the Basics-MultOjbects */ = {isa = PBXFileReference; explicitFileType = "compiled.mach-o.executable"; includeInIndex = 0; path = "the Basics-MultOjbects"; sourceTree = BUILT_PRODUCTS_DIR; };
		ECF55C6128AF4A8400B004FA /* main.cpp */ = {isa = PBXFileReference; lastKnownFileType = sourcecode.cpp.cpp; path = main.cpp; sourceTree = "<group>"; };
		ECF55C6A28AFE69800B004FA /* the Basics-Except */ = {isa = PBXFileReference; explicitFileType = "compiled.mach-o.executable"; includeInIndex = 0; path = "the Basics-Except"; sourceTree = BUILT_PRODUCTS_DIR; };
		ECF55C6C28AFE69800B004FA /* main.cpp */ = {isa = PBXFileReference; lastKnownFileType = sourcecode.cpp.cpp; path = main.cpp; sourceTree = "<group>"; };
		ECF55C7528B2FB0700B004FA /* the Basics-MacroFunctions */ = {isa = PBXFileReference; explicitFileType = "compiled.mach-o.executable"; includeInIndex = 0; path = "the Basics-MacroFunctions"; sourceTree = BUILT_PRODUCTS_DIR; };
		ECF55C7728B2FB0700B004FA /* main.cpp */ = {isa = PBXFileReference; lastKnownFileType = sourcecode.cpp.cpp; path = main.cpp; sourceTree = "<group>"; };
/* End PBXFileReference section */

/* Begin PBXFrameworksBuildPhase section */
		ECE42949283C338E00A598F9 /* Frameworks */ = {
			isa = PBXFrameworksBuildPhase;
			buildActionMask = 2147483647;
			files = (
			);
			runOnlyForDeploymentPostprocessing = 0;
		};
		ECE42954283C346A00A598F9 /* Frameworks */ = {
			isa = PBXFrameworksBuildPhase;
			buildActionMask = 2147483647;
			files = (
			);
			runOnlyForDeploymentPostprocessing = 0;
		};
		ECE4295F283C9A6B00A598F9 /* Frameworks */ = {
			isa = PBXFrameworksBuildPhase;
			buildActionMask = 2147483647;
			files = (
			);
			runOnlyForDeploymentPostprocessing = 0;
		};
		ECE4296A283C9C6E00A598F9 /* Frameworks */ = {
			isa = PBXFrameworksBuildPhase;
			buildActionMask = 2147483647;
			files = (
			);
			runOnlyForDeploymentPostprocessing = 0;
		};
		ECF55C0F28AB15C300B004FA /* Frameworks */ = {
			isa = PBXFrameworksBuildPhase;
			buildActionMask = 2147483647;
			files = (
			);
			runOnlyForDeploymentPostprocessing = 0;
		};
		ECF55C1A28AB170300B004FA /* Frameworks */ = {
			isa = PBXFrameworksBuildPhase;
			buildActionMask = 2147483647;
			files = (
			);
			runOnlyForDeploymentPostprocessing = 0;
		};
		ECF55C2528AB19EA00B004FA /* Frameworks */ = {
			isa = PBXFrameworksBuildPhase;
			buildActionMask = 2147483647;
			files = (
			);
			runOnlyForDeploymentPostprocessing = 0;
		};
		ECF55C3028AB1BC000B004FA /* Frameworks */ = {
			isa = PBXFrameworksBuildPhase;
			buildActionMask = 2147483647;
			files = (
			);
			runOnlyForDeploymentPostprocessing = 0;
		};
		ECF55C3B28AC9FB500B004FA /* Frameworks */ = {
			isa = PBXFrameworksBuildPhase;
			buildActionMask = 2147483647;
			files = (
			);
			runOnlyForDeploymentPostprocessing = 0;
		};
		ECF55C4628AC9FD800B004FA /* Frameworks */ = {
			isa = PBXFrameworksBuildPhase;
			buildActionMask = 2147483647;
			files = (
			);
			runOnlyForDeploymentPostprocessing = 0;
		};
		ECF55C5128AE06C100B004FA /* Frameworks */ = {
			isa = PBXFrameworksBuildPhase;
			buildActionMask = 2147483647;
			files = (
			);
			runOnlyForDeploymentPostprocessing = 0;
		};
		ECF55C5C28AF4A8400B004FA /* Frameworks */ = {
			isa = PBXFrameworksBuildPhase;
			buildActionMask = 2147483647;
			files = (
			);
			runOnlyForDeploymentPostprocessing = 0;
		};
		ECF55C6728AFE69800B004FA /* Frameworks */ = {
			isa = PBXFrameworksBuildPhase;
			buildActionMask = 2147483647;
			files = (
			);
			runOnlyForDeploymentPostprocessing = 0;
		};
		ECF55C7228B2FB0700B004FA /* Frameworks */ = {
			isa = PBXFrameworksBuildPhase;
			buildActionMask = 2147483647;
			files = (
			);
			runOnlyForDeploymentPostprocessing = 0;
		};
/* End PBXFrameworksBuildPhase section */

/* Begin PBXGroup section */
		ECE4291F283C30F000A598F9 = {
			isa = PBXGroup;
			children = (
				ECE4294D283C338E00A598F9 /* the Basics-HelloWorld */,
				ECE42958283C346A00A598F9 /* the Basics-VariablesDemo */,
				ECE42963283C9A6B00A598F9 /* the Basics-VariableTypes */,
				ECE4296E283C9C6E00A598F9 /* the Basics-Arrays */,
				ECF55C1328AB15C300B004FA /* the Basics-ForLoop */,
				ECF55C1E28AB170300B004FA /* the Basics-References */,
				ECF55C2928AB19EA00B004FA /* the Basics-Vector */,
				ECF55C3428AB1BC000B004FA /* the Basics-WriteFile */,
				ECF55C3F28AC9FB500B004FA /* the Basics-AppendFile */,
				ECF55C4A28AC9FD800B004FA /* the Basics-ReadFile */,
				ECF55C5528AE06C100B004FA /* the Basics-FormatFile */,
				ECF55C6028AF4A8400B004FA /* the Basics-MultOjbects */,
				ECF55C6B28AFE69800B004FA /* the Basics-Except */,
				ECF55C7628B2FB0700B004FA /* the Basics-MacroFunctions */,
				ECE42929283C30F000A598F9 /* Products */,
			);
			sourceTree = "<group>";
		};
		ECE42929283C30F000A598F9 /* Products */ = {
			isa = PBXGroup;
			children = (
				ECE4294C283C338E00A598F9 /* the Basics-HelloWorld */,
				ECE42957283C346A00A598F9 /* the Basics-VariablesDemo */,
				ECE42962283C9A6B00A598F9 /* the Basics-VariableTypes */,
				ECE4296D283C9C6E00A598F9 /* the Basics-Arrays */,
				ECF55C1228AB15C300B004FA /* the Basics-ForLoop */,
				ECF55C1D28AB170300B004FA /* the Basics-References */,
				ECF55C2828AB19EA00B004FA /* the Basics-Vector */,
				ECF55C3328AB1BC000B004FA /* the Basics-WriteFile */,
				ECF55C3E28AC9FB500B004FA /* the Basics-AppendFile */,
				ECF55C4928AC9FD800B004FA /* the Basics-ReadFile */,
				ECF55C5428AE06C100B004FA /* the Basics-FormatFile */,
				ECF55C5F28AF4A8400B004FA /* the Basics-MultOjbects */,
				ECF55C6A28AFE69800B004FA /* the Basics-Except */,
				ECF55C7528B2FB0700B004FA /* the Basics-MacroFunctions */,
			);
			name = Products;
			sourceTree = "<group>";
		};
		ECE4294D283C338E00A598F9 /* the Basics-HelloWorld */ = {
			isa = PBXGroup;
			children = (
				ECE4294E283C338E00A598F9 /* main.cpp */,
			);
			path = "the Basics-HelloWorld";
			sourceTree = "<group>";
		};
		ECE42958283C346A00A598F9 /* the Basics-VariablesDemo */ = {
			isa = PBXGroup;
			children = (
				ECE42959283C346A00A598F9 /* main.cpp */,
			);
			path = "the Basics-VariablesDemo";
			sourceTree = "<group>";
		};
		ECE42963283C9A6B00A598F9 /* the Basics-VariableTypes */ = {
			isa = PBXGroup;
			children = (
				ECE42964283C9A6B00A598F9 /* main.cpp */,
			);
			path = "the Basics-VariableTypes";
			sourceTree = "<group>";
		};
		ECE4296E283C9C6E00A598F9 /* the Basics-Arrays */ = {
			isa = PBXGroup;
			children = (
				ECE4296F283C9C6E00A598F9 /* main.cpp */,
			);
			path = "the Basics-Arrays";
			sourceTree = "<group>";
		};
		ECF55C1328AB15C300B004FA /* the Basics-ForLoop */ = {
			isa = PBXGroup;
			children = (
				ECF55C1428AB15C300B004FA /* main.cpp */,
			);
			path = "the Basics-ForLoop";
			sourceTree = "<group>";
		};
		ECF55C1E28AB170300B004FA /* the Basics-References */ = {
			isa = PBXGroup;
			children = (
				ECF55C1F28AB170300B004FA /* main.cpp */,
			);
			path = "the Basics-References";
			sourceTree = "<group>";
		};
		ECF55C2928AB19EA00B004FA /* the Basics-Vector */ = {
			isa = PBXGroup;
			children = (
				ECF55C2A28AB19EA00B004FA /* main.cpp */,
			);
			path = "the Basics-Vector";
			sourceTree = "<group>";
		};
		ECF55C3428AB1BC000B004FA /* the Basics-WriteFile */ = {
			isa = PBXGroup;
			children = (
				ECF55C3528AB1BC000B004FA /* main.cpp */,
			);
			path = "the Basics-WriteFile";
			sourceTree = "<group>";
		};
		ECF55C3F28AC9FB500B004FA /* the Basics-AppendFile */ = {
			isa = PBXGroup;
			children = (
				ECF55C4028AC9FB500B004FA /* main.cpp */,
			);
			path = "the Basics-AppendFile";
			sourceTree = "<group>";
		};
		ECF55C4A28AC9FD800B004FA /* the Basics-ReadFile */ = {
			isa = PBXGroup;
			children = (
				ECF55C4B28AC9FD800B004FA /* main.cpp */,
			);
			path = "the Basics-ReadFile";
			sourceTree = "<group>";
		};
		ECF55C5528AE06C100B004FA /* the Basics-FormatFile */ = {
			isa = PBXGroup;
			children = (
				ECF55C5628AE06C100B004FA /* main.cpp */,
			);
			path = "the Basics-FormatFile";
			sourceTree = "<group>";
		};
		ECF55C6028AF4A8400B004FA /* the Basics-MultOjbects */ = {
			isa = PBXGroup;
			children = (
				ECF55C6128AF4A8400B004FA /* main.cpp */,
			);
			path = "the Basics-MultOjbects";
			sourceTree = "<group>";
		};
		ECF55C6B28AFE69800B004FA /* the Basics-Except */ = {
			isa = PBXGroup;
			children = (
				ECF55C6C28AFE69800B004FA /* main.cpp */,
			);
			path = "the Basics-Except";
			sourceTree = "<group>";
		};
		ECF55C7628B2FB0700B004FA /* the Basics-MacroFunctions */ = {
			isa = PBXGroup;
			children = (
				ECF55C7728B2FB0700B004FA /* main.cpp */,
			);
			path = "the Basics-MacroFunctions";
			sourceTree = "<group>";
		};
/* End PBXGroup section */

/* Begin PBXNativeTarget section */
		ECE4294B283C338E00A598F9 /* the Basics-HelloWorld */ = {
			isa = PBXNativeTarget;
			buildConfigurationList = ECE42950283C338E00A598F9 /* Build configuration list for PBXNativeTarget "the Basics-HelloWorld" */;
			buildPhases = (
				ECE42948283C338E00A598F9 /* Sources */,
				ECE42949283C338E00A598F9 /* Frameworks */,
				ECE4294A283C338E00A598F9 /* CopyFiles */,
			);
			buildRules = (
			);
			dependencies = (
			);
			name = "the Basics-HelloWorld";
			productName = "the Basics-HelloWorld";
			productReference = ECE4294C283C338E00A598F9 /* the Basics-HelloWorld */;
			productType = "com.apple.product-type.tool";
		};
		ECE42956283C346A00A598F9 /* the Basics-VariablesDemo */ = {
			isa = PBXNativeTarget;
			buildConfigurationList = ECE4295B283C346A00A598F9 /* Build configuration list for PBXNativeTarget "the Basics-VariablesDemo" */;
			buildPhases = (
				ECE42953283C346A00A598F9 /* Sources */,
				ECE42954283C346A00A598F9 /* Frameworks */,
				ECE42955283C346A00A598F9 /* CopyFiles */,
			);
			buildRules = (
			);
			dependencies = (
			);
			name = "the Basics-VariablesDemo";
			productName = "the Basics-VariablesDemo";
			productReference = ECE42957283C346A00A598F9 /* the Basics-VariablesDemo */;
			productType = "com.apple.product-type.tool";
		};
		ECE42961283C9A6B00A598F9 /* the Basics-VariableTypes */ = {
			isa = PBXNativeTarget;
			buildConfigurationList = ECE42968283C9A6B00A598F9 /* Build configuration list for PBXNativeTarget "the Basics-VariableTypes" */;
			buildPhases = (
				ECE4295E283C9A6B00A598F9 /* Sources */,
				ECE4295F283C9A6B00A598F9 /* Frameworks */,
				ECE42960283C9A6B00A598F9 /* CopyFiles */,
			);
			buildRules = (
			);
			dependencies = (
			);
			name = "the Basics-VariableTypes";
			productName = "the Basics-VariableTypes";
			productReference = ECE42962283C9A6B00A598F9 /* the Basics-VariableTypes */;
			productType = "com.apple.product-type.tool";
		};
		ECE4296C283C9C6E00A598F9 /* the Basics-Arrays */ = {
			isa = PBXNativeTarget;
			buildConfigurationList = ECE42971283C9C6E00A598F9 /* Build configuration list for PBXNativeTarget "the Basics-Arrays" */;
			buildPhases = (
				ECE42969283C9C6E00A598F9 /* Sources */,
				ECE4296A283C9C6E00A598F9 /* Frameworks */,
				ECE4296B283C9C6E00A598F9 /* CopyFiles */,
			);
			buildRules = (
			);
			dependencies = (
			);
			name = "the Basics-Arrays";
			productName = "the Basics-Arrays";
			productReference = ECE4296D283C9C6E00A598F9 /* the Basics-Arrays */;
			productType = "com.apple.product-type.tool";
		};
		ECF55C1128AB15C300B004FA /* the Basics-ForLoop */ = {
			isa = PBXNativeTarget;
			buildConfigurationList = ECF55C1828AB15C300B004FA /* Build configuration list for PBXNativeTarget "the Basics-ForLoop" */;
			buildPhases = (
				ECF55C0E28AB15C300B004FA /* Sources */,
				ECF55C0F28AB15C300B004FA /* Frameworks */,
				ECF55C1028AB15C300B004FA /* CopyFiles */,
			);
			buildRules = (
			);
			dependencies = (
			);
			name = "the Basics-ForLoop";
			productName = "the Basics-ForLoop";
			productReference = ECF55C1228AB15C300B004FA /* the Basics-ForLoop */;
			productType = "com.apple.product-type.tool";
		};
		ECF55C1C28AB170300B004FA /* the Basics-References */ = {
			isa = PBXNativeTarget;
			buildConfigurationList = ECF55C2128AB170300B004FA /* Build configuration list for PBXNativeTarget "the Basics-References" */;
			buildPhases = (
				ECF55C1928AB170300B004FA /* Sources */,
				ECF55C1A28AB170300B004FA /* Frameworks */,
				ECF55C1B28AB170300B004FA /* CopyFiles */,
			);
			buildRules = (
			);
			dependencies = (
			);
			name = "the Basics-References";
			productName = "the Basics-References";
			productReference = ECF55C1D28AB170300B004FA /* the Basics-References */;
			productType = "com.apple.product-type.tool";
		};
		ECF55C2728AB19EA00B004FA /* the Basics-Vector */ = {
			isa = PBXNativeTarget;
			buildConfigurationList = ECF55C2E28AB19EA00B004FA /* Build configuration list for PBXNativeTarget "the Basics-Vector" */;
			buildPhases = (
				ECF55C2428AB19EA00B004FA /* Sources */,
				ECF55C2528AB19EA00B004FA /* Frameworks */,
				ECF55C2628AB19EA00B004FA /* CopyFiles */,
			);
			buildRules = (
			);
			dependencies = (
			);
			name = "the Basics-Vector";
			productName = "the Basics-Vector";
			productReference = ECF55C2828AB19EA00B004FA /* the Basics-Vector */;
			productType = "com.apple.product-type.tool";
		};
		ECF55C3228AB1BC000B004FA /* the Basics-WriteFile */ = {
			isa = PBXNativeTarget;
			buildConfigurationList = ECF55C3728AB1BC000B004FA /* Build configuration list for PBXNativeTarget "the Basics-WriteFile" */;
			buildPhases = (
				ECF55C2F28AB1BC000B004FA /* Sources */,
				ECF55C3028AB1BC000B004FA /* Frameworks */,
				ECF55C3128AB1BC000B004FA /* CopyFiles */,
			);
			buildRules = (
			);
			dependencies = (
			);
			name = "the Basics-WriteFile";
			productName = "the Basics-WriteFile";
			productReference = ECF55C3328AB1BC000B004FA /* the Basics-WriteFile */;
			productType = "com.apple.product-type.tool";
		};
		ECF55C3D28AC9FB500B004FA /* the Basics-AppendFile */ = {
			isa = PBXNativeTarget;
			buildConfigurationList = ECF55C4428AC9FB500B004FA /* Build configuration list for PBXNativeTarget "the Basics-AppendFile" */;
			buildPhases = (
				ECF55C3A28AC9FB500B004FA /* Sources */,
				ECF55C3B28AC9FB500B004FA /* Frameworks */,
				ECF55C3C28AC9FB500B004FA /* CopyFiles */,
			);
			buildRules = (
			);
			dependencies = (
			);
			name = "the Basics-AppendFile";
			productName = "the Basics-AppendFile";
			productReference = ECF55C3E28AC9FB500B004FA /* the Basics-AppendFile */;
			productType = "com.apple.product-type.tool";
		};
		ECF55C4828AC9FD800B004FA /* the Basics-ReadFile */ = {
			isa = PBXNativeTarget;
			buildConfigurationList = ECF55C4D28AC9FD800B004FA /* Build configuration list for PBXNativeTarget "the Basics-ReadFile" */;
			buildPhases = (
				ECF55C4528AC9FD800B004FA /* Sources */,
				ECF55C4628AC9FD800B004FA /* Frameworks */,
				ECF55C4728AC9FD800B004FA /* CopyFiles */,
			);
			buildRules = (
			);
			dependencies = (
			);
			name = "the Basics-ReadFile";
			productName = "the Basics-ReadFile";
			productReference = ECF55C4928AC9FD800B004FA /* the Basics-ReadFile */;
			productType = "com.apple.product-type.tool";
		};
		ECF55C5328AE06C100B004FA /* the Basics-FormatFile */ = {
			isa = PBXNativeTarget;
			buildConfigurationList = ECF55C5A28AE06C100B004FA /* Build configuration list for PBXNativeTarget "the Basics-FormatFile" */;
			buildPhases = (
				ECF55C5028AE06C100B004FA /* Sources */,
				ECF55C5128AE06C100B004FA /* Frameworks */,
				ECF55C5228AE06C100B004FA /* CopyFiles */,
			);
			buildRules = (
			);
			dependencies = (
			);
			name = "the Basics-FormatFile";
			productName = "the Basics-FormatFile";
			productReference = ECF55C5428AE06C100B004FA /* the Basics-FormatFile */;
			productType = "com.apple.product-type.tool";
		};
		ECF55C5E28AF4A8400B004FA /* the Basics-MultOjbects */ = {
			isa = PBXNativeTarget;
			buildConfigurationList = ECF55C6328AF4A8400B004FA /* Build configuration list for PBXNativeTarget "the Basics-MultOjbects" */;
			buildPhases = (
				ECF55C5B28AF4A8400B004FA /* Sources */,
				ECF55C5C28AF4A8400B004FA /* Frameworks */,
				ECF55C5D28AF4A8400B004FA /* CopyFiles */,
			);
			buildRules = (
			);
			dependencies = (
			);
			name = "the Basics-MultOjbects";
			productName = "the Basics-MultOjbects";
			productReference = ECF55C5F28AF4A8400B004FA /* the Basics-MultOjbects */;
			productType = "com.apple.product-type.tool";
		};
		ECF55C6928AFE69800B004FA /* the Basics-Except */ = {
			isa = PBXNativeTarget;
			buildConfigurationList = ECF55C6E28AFE69800B004FA /* Build configuration list for PBXNativeTarget "the Basics-Except" */;
			buildPhases = (
				ECF55C6628AFE69800B004FA /* Sources */,
				ECF55C6728AFE69800B004FA /* Frameworks */,
				ECF55C6828AFE69800B004FA /* CopyFiles */,
			);
			buildRules = (
			);
			dependencies = (
			);
			name = "the Basics-Except";
			productName = "the Basics-Except";
			productReference = ECF55C6A28AFE69800B004FA /* the Basics-Except */;
			productType = "com.apple.product-type.tool";
		};
		ECF55C7428B2FB0700B004FA /* the Basics-MacroFunctions */ = {
			isa = PBXNativeTarget;
			buildConfigurationList = ECF55C7B28B2FB0700B004FA /* Build configuration list for PBXNativeTarget "the Basics-MacroFunctions" */;
			buildPhases = (
				ECF55C7128B2FB0700B004FA /* Sources */,
				ECF55C7228B2FB0700B004FA /* Frameworks */,
				ECF55C7328B2FB0700B004FA /* CopyFiles */,
			);
			buildRules = (
			);
			dependencies = (
			);
			name = "the Basics-MacroFunctions";
			productName = "the Basics-MacroFunctions";
			productReference = ECF55C7528B2FB0700B004FA /* the Basics-MacroFunctions */;
			productType = "com.apple.product-type.tool";
		};
/* End PBXNativeTarget section */

/* Begin PBXProject section */
		ECE42920283C30F000A598F9 /* Project object */ = {
			isa = PBXProject;
			attributes = {
				BuildIndependentTargetsInParallel = 1;
				LastUpgradeCheck = 1340;
				TargetAttributes = {
					ECE4294B283C338E00A598F9 = {
						CreatedOnToolsVersion = 13.4;
					};
					ECE42956283C346A00A598F9 = {
						CreatedOnToolsVersion = 13.4;
					};
					ECE42961283C9A6B00A598F9 = {
						CreatedOnToolsVersion = 13.4;
					};
					ECE4296C283C9C6E00A598F9 = {
						CreatedOnToolsVersion = 13.4;
					};
					ECF55C1128AB15C300B004FA = {
						CreatedOnToolsVersion = 13.4.1;
					};
					ECF55C1C28AB170300B004FA = {
						CreatedOnToolsVersion = 13.4.1;
					};
					ECF55C2728AB19EA00B004FA = {
						CreatedOnToolsVersion = 13.4.1;
					};
					ECF55C3228AB1BC000B004FA = {
						CreatedOnToolsVersion = 13.4.1;
					};
					ECF55C3D28AC9FB500B004FA = {
						CreatedOnToolsVersion = 13.4.1;
					};
					ECF55C4828AC9FD800B004FA = {
						CreatedOnToolsVersion = 13.4.1;
					};
					ECF55C5328AE06C100B004FA = {
						CreatedOnToolsVersion = 13.4.1;
					};
					ECF55C5E28AF4A8400B004FA = {
						CreatedOnToolsVersion = 13.4.1;
					};
					ECF55C6928AFE69800B004FA = {
						CreatedOnToolsVersion = 13.4.1;
					};
					ECF55C7428B2FB0700B004FA = {
						CreatedOnToolsVersion = 13.4.1;
					};
				};
			};
			buildConfigurationList = ECE42923283C30F000A598F9 /* Build configuration list for PBXProject "C++ Tutorial" */;
			compatibilityVersion = "Xcode 13.0";
			developmentRegion = en;
			hasScannedForEncodings = 0;
			knownRegions = (
				en,
				Base,
			);
			mainGroup = ECE4291F283C30F000A598F9;
			productRefGroup = ECE42929283C30F000A598F9 /* Products */;
			projectDirPath = "";
			projectRoot = "";
			targets = (
				ECE4294B283C338E00A598F9 /* the Basics-HelloWorld */,
				ECE42956283C346A00A598F9 /* the Basics-VariablesDemo */,
				ECE42961283C9A6B00A598F9 /* the Basics-VariableTypes */,
				ECE4296C283C9C6E00A598F9 /* the Basics-Arrays */,
				ECF55C1128AB15C300B004FA /* the Basics-ForLoop */,
				ECF55C1C28AB170300B004FA /* the Basics-References */,
				ECF55C2728AB19EA00B004FA /* the Basics-Vector */,
				ECF55C3228AB1BC000B004FA /* the Basics-WriteFile */,
				ECF55C3D28AC9FB500B004FA /* the Basics-AppendFile */,
				ECF55C4828AC9FD800B004FA /* the Basics-ReadFile */,
				ECF55C5328AE06C100B004FA /* the Basics-FormatFile */,
				ECF55C5E28AF4A8400B004FA /* the Basics-MultOjbects */,
				ECF55C6928AFE69800B004FA /* the Basics-Except */,
				ECF55C7428B2FB0700B004FA /* the Basics-MacroFunctions */,
			);
		};
/* End PBXProject section */

/* Begin PBXSourcesBuildPhase section */
		ECE42948283C338E00A598F9 /* Sources */ = {
			isa = PBXSourcesBuildPhase;
			buildActionMask = 2147483647;
			files = (
				ECE4294F283C338E00A598F9 /* main.cpp in Sources */,
			);
			runOnlyForDeploymentPostprocessing = 0;
		};
		ECE42953283C346A00A598F9 /* Sources */ = {
			isa = PBXSourcesBuildPhase;
			buildActionMask = 2147483647;
			files = (
				ECE4295A283C346A00A598F9 /* main.cpp in Sources */,
			);
			runOnlyForDeploymentPostprocessing = 0;
		};
		ECE4295E283C9A6B00A598F9 /* Sources */ = {
			isa = PBXSourcesBuildPhase;
			buildActionMask = 2147483647;
			files = (
				ECE42965283C9A6B00A598F9 /* main.cpp in Sources */,
			);
			runOnlyForDeploymentPostprocessing = 0;
		};
		ECE42969283C9C6E00A598F9 /* Sources */ = {
			isa = PBXSourcesBuildPhase;
			buildActionMask = 2147483647;
			files = (
				ECE42970283C9C6E00A598F9 /* main.cpp in Sources */,
			);
			runOnlyForDeploymentPostprocessing = 0;
		};
		ECF55C0E28AB15C300B004FA /* Sources */ = {
			isa = PBXSourcesBuildPhase;
			buildActionMask = 2147483647;
			files = (
				ECF55C1528AB15C300B004FA /* main.cpp in Sources */,
			);
			runOnlyForDeploymentPostprocessing = 0;
		};
		ECF55C1928AB170300B004FA /* Sources */ = {
			isa = PBXSourcesBuildPhase;
			buildActionMask = 2147483647;
			files = (
				ECF55C2028AB170300B004FA /* main.cpp in Sources */,
			);
			runOnlyForDeploymentPostprocessing = 0;
		};
		ECF55C2428AB19EA00B004FA /* Sources */ = {
			isa = PBXSourcesBuildPhase;
			buildActionMask = 2147483647;
			files = (
				ECF55C2B28AB19EA00B004FA /* main.cpp in Sources */,
			);
			runOnlyForDeploymentPostprocessing = 0;
		};
		ECF55C2F28AB1BC000B004FA /* Sources */ = {
			isa = PBXSourcesBuildPhase;
			buildActionMask = 2147483647;
			files = (
				ECF55C3628AB1BC000B004FA /* main.cpp in Sources */,
			);
			runOnlyForDeploymentPostprocessing = 0;
		};
		ECF55C3A28AC9FB500B004FA /* Sources */ = {
			isa = PBXSourcesBuildPhase;
			buildActionMask = 2147483647;
			files = (
				ECF55C4128AC9FB500B004FA /* main.cpp in Sources */,
			);
			runOnlyForDeploymentPostprocessing = 0;
		};
		ECF55C4528AC9FD800B004FA /* Sources */ = {
			isa = PBXSourcesBuildPhase;
			buildActionMask = 2147483647;
			files = (
				ECF55C4C28AC9FD800B004FA /* main.cpp in Sources */,
			);
			runOnlyForDeploymentPostprocessing = 0;
		};
		ECF55C5028AE06C100B004FA /* Sources */ = {
			isa = PBXSourcesBuildPhase;
			buildActionMask = 2147483647;
			files = (
				ECF55C5728AE06C100B004FA /* main.cpp in Sources */,
			);
			runOnlyForDeploymentPostprocessing = 0;
		};
		ECF55C5B28AF4A8400B004FA /* Sources */ = {
			isa = PBXSourcesBuildPhase;
			buildActionMask = 2147483647;
			files = (
				ECF55C6228AF4A8400B004FA /* main.cpp in Sources */,
			);
			runOnlyForDeploymentPostprocessing = 0;
		};
		ECF55C6628AFE69800B004FA /* Sources */ = {
			isa = PBXSourcesBuildPhase;
			buildActionMask = 2147483647;
			files = (
				ECF55C6D28AFE69800B004FA /* main.cpp in Sources */,
			);
			runOnlyForDeploymentPostprocessing = 0;
		};
		ECF55C7128B2FB0700B004FA /* Sources */ = {
			isa = PBXSourcesBuildPhase;
			buildActionMask = 2147483647;
			files = (
				ECF55C7828B2FB0700B004FA /* main.cpp in Sources */,
			);
			runOnlyForDeploymentPostprocessing = 0;
		};
/* End PBXSourcesBuildPhase section */

/* Begin XCBuildConfiguration section */
		ECE4292D283C30F000A598F9 /* Debug */ = {
			isa = XCBuildConfiguration;
			buildSettings = {
				ALWAYS_SEARCH_USER_PATHS = NO;
				CLANG_ANALYZER_NONNULL = YES;
				CLANG_ANALYZER_NUMBER_OBJECT_CONVERSION = YES_AGGRESSIVE;
				CLANG_CXX_LANGUAGE_STANDARD = "gnu++17";
				CLANG_ENABLE_MODULES = YES;
				CLANG_ENABLE_OBJC_ARC = YES;
				CLANG_ENABLE_OBJC_WEAK = YES;
				CLANG_WARN_BLOCK_CAPTURE_AUTORELEASING = YES;
				CLANG_WARN_BOOL_CONVERSION = YES;
				CLANG_WARN_COMMA = YES;
				CLANG_WARN_CONSTANT_CONVERSION = YES;
				CLANG_WARN_DEPRECATED_OBJC_IMPLEMENTATIONS = YES;
				CLANG_WARN_DIRECT_OBJC_ISA_USAGE = YES_ERROR;
				CLANG_WARN_DOCUMENTATION_COMMENTS = YES;
				CLANG_WARN_EMPTY_BODY = YES;
				CLANG_WARN_ENUM_CONVERSION = YES;
				CLANG_WARN_INFINITE_RECURSION = YES;
				CLANG_WARN_INT_CONVERSION = YES;
				CLANG_WARN_NON_LITERAL_NULL_CONVERSION = YES;
				CLANG_WARN_OBJC_IMPLICIT_RETAIN_SELF = YES;
				CLANG_WARN_OBJC_LITERAL_CONVERSION = YES;
				CLANG_WARN_OBJC_ROOT_CLASS = YES_ERROR;
				CLANG_WARN_QUOTED_INCLUDE_IN_FRAMEWORK_HEADER = YES;
				CLANG_WARN_RANGE_LOOP_ANALYSIS = YES;
				CLANG_WARN_STRICT_PROTOTYPES = YES;
				CLANG_WARN_SUSPICIOUS_MOVE = YES;
				CLANG_WARN_UNGUARDED_AVAILABILITY = YES_AGGRESSIVE;
				CLANG_WARN_UNREACHABLE_CODE = YES;
				CLANG_WARN__DUPLICATE_METHOD_MATCH = YES;
				COPY_PHASE_STRIP = NO;
				DEBUG_INFORMATION_FORMAT = dwarf;
				ENABLE_STRICT_OBJC_MSGSEND = YES;
				ENABLE_TESTABILITY = YES;
				GCC_C_LANGUAGE_STANDARD = gnu11;
				GCC_DYNAMIC_NO_PIC = NO;
				GCC_NO_COMMON_BLOCKS = YES;
				GCC_OPTIMIZATION_LEVEL = 0;
				GCC_PREPROCESSOR_DEFINITIONS = (
					"DEBUG=1",
					"$(inherited)",
				);
				GCC_WARN_64_TO_32_BIT_CONVERSION = YES;
				GCC_WARN_ABOUT_RETURN_TYPE = YES_ERROR;
				GCC_WARN_UNDECLARED_SELECTOR = YES;
				GCC_WARN_UNINITIALIZED_AUTOS = YES_AGGRESSIVE;
				GCC_WARN_UNUSED_FUNCTION = YES;
				GCC_WARN_UNUSED_VARIABLE = YES;
				MACOSX_DEPLOYMENT_TARGET = 12.3;
				MTL_ENABLE_DEBUG_INFO = INCLUDE_SOURCE;
				MTL_FAST_MATH = YES;
				ONLY_ACTIVE_ARCH = YES;
				SDKROOT = macosx;
			};
			name = Debug;
		};
		ECE4292E283C30F000A598F9 /* Release */ = {
			isa = XCBuildConfiguration;
			buildSettings = {
				ALWAYS_SEARCH_USER_PATHS = NO;
				CLANG_ANALYZER_NONNULL = YES;
				CLANG_ANALYZER_NUMBER_OBJECT_CONVERSION = YES_AGGRESSIVE;
				CLANG_CXX_LANGUAGE_STANDARD = "gnu++17";
				CLANG_ENABLE_MODULES = YES;
				CLANG_ENABLE_OBJC_ARC = YES;
				CLANG_ENABLE_OBJC_WEAK = YES;
				CLANG_WARN_BLOCK_CAPTURE_AUTORELEASING = YES;
				CLANG_WARN_BOOL_CONVERSION = YES;
				CLANG_WARN_COMMA = YES;
				CLANG_WARN_CONSTANT_CONVERSION = YES;
				CLANG_WARN_DEPRECATED_OBJC_IMPLEMENTATIONS = YES;
				CLANG_WARN_DIRECT_OBJC_ISA_USAGE = YES_ERROR;
				CLANG_WARN_DOCUMENTATION_COMMENTS = YES;
				CLANG_WARN_EMPTY_BODY = YES;
				CLANG_WARN_ENUM_CONVERSION = YES;
				CLANG_WARN_INFINITE_RECURSION = YES;
				CLANG_WARN_INT_CONVERSION = YES;
				CLANG_WARN_NON_LITERAL_NULL_CONVERSION = YES;
				CLANG_WARN_OBJC_IMPLICIT_RETAIN_SELF = YES;
				CLANG_WARN_OBJC_LITERAL_CONVERSION = YES;
				CLANG_WARN_OBJC_ROOT_CLASS = YES_ERROR;
				CLANG_WARN_QUOTED_INCLUDE_IN_FRAMEWORK_HEADER = YES;
				CLANG_WARN_RANGE_LOOP_ANALYSIS = YES;
				CLANG_WARN_STRICT_PROTOTYPES = YES;
				CLANG_WARN_SUSPICIOUS_MOVE = YES;
				CLANG_WARN_UNGUARDED_AVAILABILITY = YES_AGGRESSIVE;
				CLANG_WARN_UNREACHABLE_CODE = YES;
				CLANG_WARN__DUPLICATE_METHOD_MATCH = YES;
				COPY_PHASE_STRIP = NO;
				DEBUG_INFORMATION_FORMAT = "dwarf-with-dsym";
				ENABLE_NS_ASSERTIONS = NO;
				ENABLE_STRICT_OBJC_MSGSEND = YES;
				GCC_C_LANGUAGE_STANDARD = gnu11;
				GCC_NO_COMMON_BLOCKS = YES;
				GCC_WARN_64_TO_32_BIT_CONVERSION = YES;
				GCC_WARN_ABOUT_RETURN_TYPE = YES_ERROR;
				GCC_WARN_UNDECLARED_SELECTOR = YES;
				GCC_WARN_UNINITIALIZED_AUTOS = YES_AGGRESSIVE;
				GCC_WARN_UNUSED_FUNCTION = YES;
				GCC_WARN_UNUSED_VARIABLE = YES;
				MACOSX_DEPLOYMENT_TARGET = 12.3;
				MTL_ENABLE_DEBUG_INFO = NO;
				MTL_FAST_MATH = YES;
				SDKROOT = macosx;
			};
			name = Release;
		};
		ECE42951283C338E00A598F9 /* Debug */ = {
			isa = XCBuildConfiguration;
			buildSettings = {
				CODE_SIGN_STYLE = Automatic;
				PRODUCT_NAME = "$(TARGET_NAME)";
			};
			name = Debug;
		};
		ECE42952283C338E00A598F9 /* Release */ = {
			isa = XCBuildConfiguration;
			buildSettings = {
				CODE_SIGN_STYLE = Automatic;
				PRODUCT_NAME = "$(TARGET_NAME)";
			};
			name = Release;
		};
		ECE4295C283C346A00A598F9 /* Debug */ = {
			isa = XCBuildConfiguration;
			buildSettings = {
				CODE_SIGN_STYLE = Automatic;
				PRODUCT_NAME = "$(TARGET_NAME)";
			};
			name = Debug;
		};
		ECE4295D283C346A00A598F9 /* Release */ = {
			isa = XCBuildConfiguration;
			buildSettings = {
				CODE_SIGN_STYLE = Automatic;
				PRODUCT_NAME = "$(TARGET_NAME)";
			};
			name = Release;
		};
		ECE42966283C9A6B00A598F9 /* Debug */ = {
			isa = XCBuildConfiguration;
			buildSettings = {
				CODE_SIGN_STYLE = Automatic;
				PRODUCT_NAME = "$(TARGET_NAME)";
			};
			name = Debug;
		};
		ECE42967283C9A6B00A598F9 /* Release */ = {
			isa = XCBuildConfiguration;
			buildSettings = {
				CODE_SIGN_STYLE = Automatic;
				PRODUCT_NAME = "$(TARGET_NAME)";
			};
			name = Release;
		};
		ECE42972283C9C6E00A598F9 /* Debug */ = {
			isa = XCBuildConfiguration;
			buildSettings = {
				CODE_SIGN_STYLE = Automatic;
				PRODUCT_NAME = "$(TARGET_NAME)";
			};
			name = Debug;
		};
		ECE42973283C9C6E00A598F9 /* Release */ = {
			isa = XCBuildConfiguration;
			buildSettings = {
				CODE_SIGN_STYLE = Automatic;
				PRODUCT_NAME = "$(TARGET_NAME)";
			};
			name = Release;
		};
		ECF55C1628AB15C300B004FA /* Debug */ = {
			isa = XCBuildConfiguration;
			buildSettings = {
				CODE_SIGN_STYLE = Automatic;
				PRODUCT_NAME = "$(TARGET_NAME)";
			};
			name = Debug;
		};
		ECF55C1728AB15C300B004FA /* Release */ = {
			isa = XCBuildConfiguration;
			buildSettings = {
				CODE_SIGN_STYLE = Automatic;
				PRODUCT_NAME = "$(TARGET_NAME)";
			};
			name = Release;
		};
		ECF55C2228AB170300B004FA /* Debug */ = {
			isa = XCBuildConfiguration;
			buildSettings = {
				CODE_SIGN_STYLE = Automatic;
				PRODUCT_NAME = "$(TARGET_NAME)";
			};
			name = Debug;
		};
		ECF55C2328AB170300B004FA /* Release */ = {
			isa = XCBuildConfiguration;
			buildSettings = {
				CODE_SIGN_STYLE = Automatic;
				PRODUCT_NAME = "$(TARGET_NAME)";
			};
			name = Release;
		};
		ECF55C2C28AB19EA00B004FA /* Debug */ = {
			isa = XCBuildConfiguration;
			buildSettings = {
				CODE_SIGN_STYLE = Automatic;
				PRODUCT_NAME = "$(TARGET_NAME)";
			};
			name = Debug;
		};
		ECF55C2D28AB19EA00B004FA /* Release */ = {
			isa = XCBuildConfiguration;
			buildSettings = {
				CODE_SIGN_STYLE = Automatic;
				PRODUCT_NAME = "$(TARGET_NAME)";
			};
			name = Release;
		};
		ECF55C3828AB1BC000B004FA /* Debug */ = {
			isa = XCBuildConfiguration;
			buildSettings = {
				CODE_SIGN_STYLE = Automatic;
				PRODUCT_NAME = "$(TARGET_NAME)";
			};
			name = Debug;
		};
		ECF55C3928AB1BC000B004FA /* Release */ = {
			isa = XCBuildConfiguration;
			buildSettings = {
				CODE_SIGN_STYLE = Automatic;
				PRODUCT_NAME = "$(TARGET_NAME)";
			};
			name = Release;
		};
		ECF55C4228AC9FB500B004FA /* Debug */ = {
			isa = XCBuildConfiguration;
			buildSettings = {
				CODE_SIGN_STYLE = Automatic;
				PRODUCT_NAME = "$(TARGET_NAME)";
			};
			name = Debug;
		};
		ECF55C4328AC9FB500B004FA /* Release */ = {
			isa = XCBuildConfiguration;
			buildSettings = {
				CODE_SIGN_STYLE = Automatic;
				PRODUCT_NAME = "$(TARGET_NAME)";
			};
			name = Release;
		};
		ECF55C4E28AC9FD800B004FA /* Debug */ = {
			isa = XCBuildConfiguration;
			buildSettings = {
				CODE_SIGN_STYLE = Automatic;
				PRODUCT_NAME = "$(TARGET_NAME)";
			};
			name = Debug;
		};
		ECF55C4F28AC9FD800B004FA /* Release */ = {
			isa = XCBuildConfiguration;
			buildSettings = {
				CODE_SIGN_STYLE = Automatic;
				PRODUCT_NAME = "$(TARGET_NAME)";
			};
			name = Release;
		};
		ECF55C5828AE06C100B004FA /* Debug */ = {
			isa = XCBuildConfiguration;
			buildSettings = {
				CODE_SIGN_STYLE = Automatic;
				PRODUCT_NAME = "$(TARGET_NAME)";
			};
			name = Debug;
		};
		ECF55C5928AE06C100B004FA /* Release */ = {
			isa = XCBuildConfiguration;
			buildSettings = {
				CODE_SIGN_STYLE = Automatic;
				PRODUCT_NAME = "$(TARGET_NAME)";
			};
			name = Release;
		};
		ECF55C6428AF4A8400B004FA /* Debug */ = {
			isa = XCBuildConfiguration;
			buildSettings = {
				CODE_SIGN_STYLE = Automatic;
				PRODUCT_NAME = "$(TARGET_NAME)";
			};
			name = Debug;
		};
		ECF55C6528AF4A8400B004FA /* Release */ = {
			isa = XCBuildConfiguration;
			buildSettings = {
				CODE_SIGN_STYLE = Automatic;
				PRODUCT_NAME = "$(TARGET_NAME)";
			};
			name = Release;
		};
		ECF55C6F28AFE69800B004FA /* Debug */ = {
			isa = XCBuildConfiguration;
			buildSettings = {
				CODE_SIGN_STYLE = Automatic;
				PRODUCT_NAME = "$(TARGET_NAME)";
			};
			name = Debug;
		};
		ECF55C7028AFE69800B004FA /* Release */ = {
			isa = XCBuildConfiguration;
			buildSettings = {
				CODE_SIGN_STYLE = Automatic;
				PRODUCT_NAME = "$(TARGET_NAME)";
			};
			name = Release;
		};
		ECF55C7928B2FB0700B004FA /* Debug */ = {
			isa = XCBuildConfiguration;
			buildSettings = {
				CODE_SIGN_STYLE = Automatic;
				PRODUCT_NAME = "$(TARGET_NAME)";
			};
			name = Debug;
		};
		ECF55C7A28B2FB0700B004FA /* Release */ = {
			isa = XCBuildConfiguration;
			buildSettings = {
				CODE_SIGN_STYLE = Automatic;
				PRODUCT_NAME = "$(TARGET_NAME)";
			};
			name = Release;
		};
/* End XCBuildConfiguration section */

/* Begin XCConfigurationList section */
		ECE42923283C30F000A598F9 /* Build configuration list for PBXProject "C++ Tutorial" */ = {
			isa = XCConfigurationList;
			buildConfigurations = (
				ECE4292D283C30F000A598F9 /* Debug */,
				ECE4292E283C30F000A598F9 /* Release */,
			);
			defaultConfigurationIsVisible = 0;
			defaultConfigurationName = Release;
		};
		ECE42950283C338E00A598F9 /* Build configuration list for PBXNativeTarget "the Basics-HelloWorld" */ = {
			isa = XCConfigurationList;
			buildConfigurations = (
				ECE42951283C338E00A598F9 /* Debug */,
				ECE42952283C338E00A598F9 /* Release */,
			);
			defaultConfigurationIsVisible = 0;
			defaultConfigurationName = Release;
		};
		ECE4295B283C346A00A598F9 /* Build configuration list for PBXNativeTarget "the Basics-VariablesDemo" */ = {
			isa = XCConfigurationList;
			buildConfigurations = (
				ECE4295C283C346A00A598F9 /* Debug */,
				ECE4295D283C346A00A598F9 /* Release */,
			);
			defaultConfigurationIsVisible = 0;
			defaultConfigurationName = Release;
		};
		ECE42968283C9A6B00A598F9 /* Build configuration list for PBXNativeTarget "the Basics-VariableTypes" */ = {
			isa = XCConfigurationList;
			buildConfigurations = (
				ECE42966283C9A6B00A598F9 /* Debug */,
				ECE42967283C9A6B00A598F9 /* Release */,
			);
			defaultConfigurationIsVisible = 0;
			defaultConfigurationName = Release;
		};
		ECE42971283C9C6E00A598F9 /* Build configuration list for PBXNativeTarget "the Basics-Arrays" */ = {
			isa = XCConfigurationList;
			buildConfigurations = (
				ECE42972283C9C6E00A598F9 /* Debug */,
				ECE42973283C9C6E00A598F9 /* Release */,
			);
			defaultConfigurationIsVisible = 0;
			defaultConfigurationName = Release;
		};
		ECF55C1828AB15C300B004FA /* Build configuration list for PBXNativeTarget "the Basics-ForLoop" */ = {
			isa = XCConfigurationList;
			buildConfigurations = (
				ECF55C1628AB15C300B004FA /* Debug */,
				ECF55C1728AB15C300B004FA /* Release */,
			);
			defaultConfigurationIsVisible = 0;
			defaultConfigurationName = Release;
		};
		ECF55C2128AB170300B004FA /* Build configuration list for PBXNativeTarget "the Basics-References" */ = {
			isa = XCConfigurationList;
			buildConfigurations = (
				ECF55C2228AB170300B004FA /* Debug */,
				ECF55C2328AB170300B004FA /* Release */,
			);
			defaultConfigurationIsVisible = 0;
			defaultConfigurationName = Release;
		};
		ECF55C2E28AB19EA00B004FA /* Build configuration list for PBXNativeTarget "the Basics-Vector" */ = {
			isa = XCConfigurationList;
			buildConfigurations = (
				ECF55C2C28AB19EA00B004FA /* Debug */,
				ECF55C2D28AB19EA00B004FA /* Release */,
			);
			defaultConfigurationIsVisible = 0;
			defaultConfigurationName = Release;
		};
		ECF55C3728AB1BC000B004FA /* Build configuration list for PBXNativeTarget "the Basics-WriteFile" */ = {
			isa = XCConfigurationList;
			buildConfigurations = (
				ECF55C3828AB1BC000B004FA /* Debug */,
				ECF55C3928AB1BC000B004FA /* Release */,
			);
			defaultConfigurationIsVisible = 0;
			defaultConfigurationName = Release;
		};
		ECF55C4428AC9FB500B004FA /* Build configuration list for PBXNativeTarget "the Basics-AppendFile" */ = {
			isa = XCConfigurationList;
			buildConfigurations = (
				ECF55C4228AC9FB500B004FA /* Debug */,
				ECF55C4328AC9FB500B004FA /* Release */,
			);
			defaultConfigurationIsVisible = 0;
			defaultConfigurationName = Release;
		};
		ECF55C4D28AC9FD800B004FA /* Build configuration list for PBXNativeTarget "the Basics-ReadFile" */ = {
			isa = XCConfigurationList;
			buildConfigurations = (
				ECF55C4E28AC9FD800B004FA /* Debug */,
				ECF55C4F28AC9FD800B004FA /* Release */,
			);
			defaultConfigurationIsVisible = 0;
			defaultConfigurationName = Release;
		};
		ECF55C5A28AE06C100B004FA /* Build configuration list for PBXNativeTarget "the Basics-FormatFile" */ = {
			isa = XCConfigurationList;
			buildConfigurations = (
				ECF55C5828AE06C100B004FA /* Debug */,
				ECF55C5928AE06C100B004FA /* Release */,
			);
			defaultConfigurationIsVisible = 0;
			defaultConfigurationName = Release;
		};
		ECF55C6328AF4A8400B004FA /* Build configuration list for PBXNativeTarget "the Basics-MultOjbects" */ = {
			isa = XCConfigurationList;
			buildConfigurations = (
				ECF55C6428AF4A8400B004FA /* Debug */,
				ECF55C6528AF4A8400B004FA /* Release */,
			);
			defaultConfigurationIsVisible = 0;
			defaultConfigurationName = Release;
		};
		ECF55C6E28AFE69800B004FA /* Build configuration list for PBXNativeTarget "the Basics-Except" */ = {
			isa = XCConfigurationList;
			buildConfigurations = (
				ECF55C6F28AFE69800B004FA /* Debug */,
				ECF55C7028AFE69800B004FA /* Release */,
			);
			defaultConfigurationIsVisible = 0;
			defaultConfigurationName = Release;
		};
		ECF55C7B28B2FB0700B004FA /* Build configuration list for PBXNativeTarget "the Basics-MacroFunctions" */ = {
			isa = XCConfigurationList;
			buildConfigurations = (
				ECF55C7928B2FB0700B004FA /* Debug */,
				ECF55C7A28B2FB0700B004FA /* Release */,
			);
			defaultConfigurationIsVisible = 0;
			defaultConfigurationName = Release;
		};
/* End XCConfigurationList section */
	};
	rootObject = ECE42920283C30F000A598F9 /* Project object */;
}
